
Microsoft Visual Studio Solution File, Format Version 12.00
# Visual Studio 15
Project("{FAE04EC0-301F-11D3-BF4B-00C04F79EFBC}") = "VS4Mac.TextGenerator", "VS4Mac.TextGenerator\VS4Mac.TextGenerator.csproj", "{28CF4525-CBE2-428F-A525-6E60F9F4BEA2}"
EndProject
Project("{FAE04EC0-301F-11D3-BF4B-00C04F79EFBC}") = "VS4Mac.TextGenerator.Tests", "VS4Mac.TextGenerator.Tests\VS4Mac.TextGenerator.Tests.csproj", "{70C11D03-0B14-41A7-88D3-268C216CB086}"
EndProject
Global
	GlobalSection(SolutionConfigurationPlatforms) = preSolution
		Debug|Any CPU = Debug|Any CPU
		Release|Any CPU = Release|Any CPU
	EndGlobalSection
	GlobalSection(ProjectConfigurationPlatforms) = postSolution
		{28CF4525-CBE2-428F-A525-6E60F9F4BEA2}.Debug|Any CPU.ActiveCfg = Debug|Any CPU
		{28CF4525-CBE2-428F-A525-6E60F9F4BEA2}.Debug|Any CPU.Build.0 = Debug|Any CPU
		{28CF4525-CBE2-428F-A525-6E60F9F4BEA2}.Release|Any CPU.ActiveCfg = Release|Any CPU
		{28CF4525-CBE2-428F-A525-6E60F9F4BEA2}.Release|Any CPU.Build.0 = Release|Any CPU
		{70C11D03-0B14-41A7-88D3-268C216CB086}.Debug|Any CPU.ActiveCfg = Debug|Any CPU
		{70C11D03-0B14-41A7-88D3-268C216CB086}.Debug|Any CPU.Build.0 = Debug|Any CPU
		{70C11D03-0B14-41A7-88D3-268C216CB086}.Release|Any CPU.ActiveCfg = Release|Any CPU
		{70C11D03-0B14-41A7-88D3-268C216CB086}.Release|Any CPU.Build.0 = Release|Any CPU
	EndGlobalSection
EndGlobal
